
Microsoft Visual Studio Solution File, Format Version 12.00
# Visual Studio Version 17
VisualStudioVersion = 17.0.31903.59
MinimumVisualStudioVersion = 10.0.40219.1
Project("{2150E333-8FDC-42A3-9474-1A3956D46DE8}") = "src", "src", "{FC0015B3-438C-42B7-A745-F7262F3E72CD}"
EndProject
Project("{FAE04EC0-301F-11D3-BF4B-00C04F79EFBC}") = "Mms.Application", "src\Mms.Application\Mms.Application.csproj", "{81055DFA-FFC6-4072-8449-F188AD35CB3B}"
EndProject
Project("{FAE04EC0-301F-11D3-BF4B-00C04F79EFBC}") = "Mms.Domain", "src\Mms.Domain\Mms.Domain.csproj", "{0E4C9B14-D227-4D80-9620-45EA3EE8F2C3}"
EndProject
Project("{FAE04EC0-301F-11D3-BF4B-00C04F79EFBC}") = "Mms.Infrastructure", "src\Mms.Infrastructure\Mms.Infrastructure.csproj", "{D70E28A9-8593-4D53-8D6C-374FDCF073FD}"
EndProject
Project("{FAE04EC0-301F-11D3-BF4B-00C04F79EFBC}") = "Mms.PrintAgent", "src\Mms.PrintAgent\Mms.PrintAgent.csproj", "{6EF22400-C611-49A5-873B-4DEC5F093F32}"
EndProject
Project("{FAE04EC0-301F-11D3-BF4B-00C04F79EFBC}") = "Mms.Web", "src\Mms.Web\Mms.Web.csproj", "{4641C6F5-2056-4A52-AC5D-B0FCF3BB3EED}"
EndProject
Project("{2150E333-8FDC-42A3-9474-1A3956D46DE8}") = "tests", "tests", "{26D40978-1C4F-49F1-B784-FC03D0F87A67}"
EndProject
Project("{FAE04EC0-301F-11D3-BF4B-00C04F79EFBC}") = "Mms.E2ETests", "tests\Mms.E2ETests\Mms.E2ETests.csproj", "{F31FE4DD-5C9B-42C9-8639-B5C6A176320D}"
EndProject
Project("{FAE04EC0-301F-11D3-BF4B-00C04F79EFBC}") = "Mms.IntegrationTests", "tests\Mms.IntegrationTests\Mms.IntegrationTests.csproj", "{5E38414A-BD55-4A19-A378-C832967FE7A5}"
EndProject
Project("{FAE04EC0-301F-11D3-BF4B-00C04F79EFBC}") = "Mms.UnitTests", "tests\Mms.UnitTests\Mms.UnitTests.csproj", "{3538458F-63DF-453F-9889-6163EE412536}"
EndProject
Global
	GlobalSection(SolutionConfigurationPlatforms) = preSolution
		Debug|Any CPU = Debug|Any CPU
		Release|Any CPU = Release|Any CPU
	EndGlobalSection
	GlobalSection(SolutionProperties) = preSolution
		HideSolutionNode = FALSE
	EndGlobalSection
	GlobalSection(ProjectConfigurationPlatforms) = postSolution
		{81055DFA-FFC6-4072-8449-F188AD35CB3B}.Debug|Any CPU.ActiveCfg = Debug|Any CPU
		{81055DFA-FFC6-4072-8449-F188AD35CB3B}.Debug|Any CPU.Build.0 = Debug|Any CPU
		{81055DFA-FFC6-4072-8449-F188AD35CB3B}.Release|Any CPU.ActiveCfg = Release|Any CPU
		{81055DFA-FFC6-4072-8449-F188AD35CB3B}.Release|Any CPU.Build.0 = Release|Any CPU
		{0E4C9B14-D227-4D80-9620-45EA3EE8F2C3}.Debug|Any CPU.ActiveCfg = Debug|Any CPU
		{0E4C9B14-D227-4D80-9620-45EA3EE8F2C3}.Debug|Any CPU.Build.0 = Debug|Any CPU
		{0E4C9B14-D227-4D80-9620-45EA3EE8F2C3}.Release|Any CPU.ActiveCfg = Release|Any CPU
		{0E4C9B14-D227-4D80-9620-45EA3EE8F2C3}.Release|Any CPU.Build.0 = Release|Any CPU
		{D70E28A9-8593-4D53-8D6C-374FDCF073FD}.Debug|Any CPU.ActiveCfg = Debug|Any CPU
		{D70E28A9-8593-4D53-8D6C-374FDCF073FD}.Debug|Any CPU.Build.0 = Debug|Any CPU
		{D70E28A9-8593-4D53-8D6C-374FDCF073FD}.Release|Any CPU.ActiveCfg = Release|Any CPU
		{D70E28A9-8593-4D53-8D6C-374FDCF073FD}.Release|Any CPU.Build.0 = Release|Any CPU
		{6EF22400-C611-49A5-873B-4DEC5F093F32}.Debug|Any CPU.ActiveCfg = Debug|Any CPU
		{6EF22400-C611-49A5-873B-4DEC5F093F32}.Debug|Any CPU.Build.0 = Debug|Any CPU
		{6EF22400-C611-49A5-873B-4DEC5F093F32}.Release|Any CPU.ActiveCfg = Release|Any CPU
		{6EF22400-C611-49A5-873B-4DEC5F093F32}.Release|Any CPU.Build.0 = Release|Any CPU
		{4641C6F5-2056-4A52-AC5D-B0FCF3BB3EED}.Debug|Any CPU.ActiveCfg = Debug|Any CPU
		{4641C6F5-2056-4A52-AC5D-B0FCF3BB3EED}.Debug|Any CPU.Build.0 = Debug|Any CPU
		{4641C6F5-2056-4A52-AC5D-B0FCF3BB3EED}.Release|Any CPU.ActiveCfg = Release|Any CPU
		{4641C6F5-2056-4A52-AC5D-B0FCF3BB3EED}.Release|Any CPU.Build.0 = Release|Any CPU
		{F31FE4DD-5C9B-42C9-8639-B5C6A176320D}.Debug|Any CPU.ActiveCfg = Debug|Any CPU
		{F31FE4DD-5C9B-42C9-8639-B5C6A176320D}.Debug|Any CPU.Build.0 = Debug|Any CPU
		{F31FE4DD-5C9B-42C9-8639-B5C6A176320D}.Release|Any CPU.ActiveCfg = Release|Any CPU
		{F31FE4DD-5C9B-42C9-8639-B5C6A176320D}.Release|Any CPU.Build.0 = Release|Any CPU
		{5E38414A-BD55-4A19-A378-C832967FE7A5}.Debug|Any CPU.ActiveCfg = Debug|Any CPU
		{5E38414A-BD55-4A19-A378-C832967FE7A5}.Debug|Any CPU.Build.0 = Debug|Any CPU
		{5E38414A-BD55-4A19-A378-C832967FE7A5}.Release|Any CPU.ActiveCfg = Release|Any CPU
		{5E38414A-BD55-4A19-A378-C832967FE7A5}.Release|Any CPU.Build.0 = Release|Any CPU
		{3538458F-63DF-453F-9889-6163EE412536}.Debug|Any CPU.ActiveCfg = Debug|Any CPU
		{3538458F-63DF-453F-9889-6163EE412536}.Debug|Any CPU.Build.0 = Debug|Any CPU
		{3538458F-63DF-453F-9889-6163EE412536}.Release|Any CPU.ActiveCfg = Release|Any CPU
		{3538458F-63DF-453F-9889-6163EE412536}.Release|Any CPU.Build.0 = Release|Any CPU
	EndGlobalSection
	GlobalSection(NestedProjects) = preSolution
		{81055DFA-FFC6-4072-8449-F188AD35CB3B} = {FC0015B3-438C-42B7-A745-F7262F3E72CD}
		{0E4C9B14-D227-4D80-9620-45EA3EE8F2C3} = {FC0015B3-438C-42B7-A745-F7262F3E72CD}
		{D70E28A9-8593-4D53-8D6C-374FDCF073FD} = {FC0015B3-438C-42B7-A745-F7262F3E72CD}
		{6EF22400-C611-49A5-873B-4DEC5F093F32} = {FC0015B3-438C-42B7-A745-F7262F3E72CD}
		{4641C6F5-2056-4A52-AC5D-B0FCF3BB3EED} = {FC0015B3-438C-42B7-A745-F7262F3E72CD}
		{F31FE4DD-5C9B-42C9-8639-B5C6A176320D} = {26D40978-1C4F-49F1-B784-FC03D0F87A67}
		{5E38414A-BD55-4A19-A378-C832967FE7A5} = {26D40978-1C4F-49F1-B784-FC03D0F87A67}
		{3538458F-63DF-453F-9889-6163EE412536} = {26D40978-1C4F-49F1-B784-FC03D0F87A67}
	EndGlobalSection
EndGlobal
